
Microsoft Visual Studio Solution File, Format Version 12.00
# Visual Studio Version 16
VisualStudioVersion = 16.0.34407.143
MinimumVisualStudioVersion = 10.0.40219.1
Project("{9A19103F-16F7-4668-BE54-9A1E7A4F7556}") = "ManagmentSystem.Pres", "ManagmentSystem.Pres\ManagmentSystem.Pres.csproj", "{0E907FB9-E36E-4EE7-8FA8-F94276A71911}"
EndProject
Project("{FAE04EC0-301F-11D3-BF4B-00C04F79EFBC}") = "ManagmentSystem.Core", "ManagmentSystem.Core\ManagmentSystem.Core.csproj", "{1F8BC0F7-A59F-4981-B86A-FECE639AFD2B}"
EndProject
Project("{FAE04EC0-301F-11D3-BF4B-00C04F79EFBC}") = "ManagmentSystem.EF", "ManagmentSystem.EF\ManagmentSystem.EF.csproj", "{C39BEDD8-3AF3-4AE9-8794-BBFB6232B391}"
EndProject
Global
	GlobalSection(SolutionConfigurationPlatforms) = preSolution
		Debug|Any CPU = Debug|Any CPU
		Release|Any CPU = Release|Any CPU
	EndGlobalSection
	GlobalSection(ProjectConfigurationPlatforms) = postSolution
		{0E907FB9-E36E-4EE7-8FA8-F94276A71911}.Debug|Any CPU.ActiveCfg = Debug|Any CPU
		{0E907FB9-E36E-4EE7-8FA8-F94276A71911}.Debug|Any CPU.Build.0 = Debug|Any CPU
		{0E907FB9-E36E-4EE7-8FA8-F94276A71911}.Release|Any CPU.ActiveCfg = Release|Any CPU
		{0E907FB9-E36E-4EE7-8FA8-F94276A71911}.Release|Any CPU.Build.0 = Release|Any CPU
		{1F8BC0F7-A59F-4981-B86A-FECE639AFD2B}.Debug|Any CPU.ActiveCfg = Debug|Any CPU
		{1F8BC0F7-A59F-4981-B86A-FECE639AFD2B}.Debug|Any CPU.Build.0 = Debug|Any CPU
		{1F8BC0F7-A59F-4981-B86A-FECE639AFD2B}.Release|Any CPU.ActiveCfg = Release|Any CPU
		{1F8BC0F7-A59F-4981-B86A-FECE639AFD2B}.Release|Any CPU.Build.0 = Release|Any CPU
		{C39BEDD8-3AF3-4AE9-8794-BBFB6232B391}.Debug|Any CPU.ActiveCfg = Debug|Any CPU
		{C39BEDD8-3AF3-4AE9-8794-BBFB6232B391}.Debug|Any CPU.Build.0 = Debug|Any CPU
		{C39BEDD8-3AF3-4AE9-8794-BBFB6232B391}.Release|Any CPU.ActiveCfg = Release|Any CPU
		{C39BEDD8-3AF3-4AE9-8794-BBFB6232B391}.Release|Any CPU.Build.0 = Release|Any CPU
	EndGlobalSection
	GlobalSection(SolutionProperties) = preSolution
		HideSolutionNode = FALSE
	EndGlobalSection
	GlobalSection(ExtensibilityGlobals) = postSolution
		SolutionGuid = {D407ED7D-13D0-405C-9313-0EDAC00EE32A}
	EndGlobalSection
EndGlobal
